
Microsoft Visual Studio Solution File, Format Version 12.00
# Visual Studio Version 17
VisualStudioVersion = 17.8.34525.116
MinimumVisualStudioVersion = 10.0.40219.1
Project("{FAE04EC0-301F-11D3-BF4B-00C04F79EFBC}") = "Loja_Carros", "Loja_Carros\Loja_Carros.csproj", "{03355011-4252-49A1-BEFC-5AFED6912A87}"
EndProject
Global
	GlobalSection(SolutionConfigurationPlatforms) = preSolution
		Debug|Any CPU = Debug|Any CPU
		Release|Any CPU = Release|Any CPU
	EndGlobalSection
	GlobalSection(ProjectConfigurationPlatforms) = postSolution
		{03355011-4252-49A1-BEFC-5AFED6912A87}.Debug|Any CPU.ActiveCfg = Debug|Any CPU
		{03355011-4252-49A1-BEFC-5AFED6912A87}.Debug|Any CPU.Build.0 = Debug|Any CPU
		{03355011-4252-49A1-BEFC-5AFED6912A87}.Release|Any CPU.ActiveCfg = Release|Any CPU
		{03355011-4252-49A1-BEFC-5AFED6912A87}.Release|Any CPU.Build.0 = Release|Any CPU
	EndGlobalSection
	GlobalSection(SolutionProperties) = preSolution
		HideSolutionNode = FALSE
	EndGlobalSection
	GlobalSection(ExtensibilityGlobals) = postSolution
		SolutionGuid = {12B29C73-D306-4132-B442-97D6C4FB9260}
	EndGlobalSection
EndGlobal
